
Microsoft Visual Studio Solution File, Format Version 12.00
# Visual Studio 15
VisualStudioVersion = 15.0.28307.572
MinimumVisualStudioVersion = 10.0.40219.1
Project("{FAE04EC0-301F-11D3-BF4B-00C04F79EFBC}") = "ChatApp", "ChatApp\ChatApp.csproj", "{D52EED1C-EE08-4E92-B1CF-9E11BDA83213}"
EndProject
Global
	GlobalSection(SolutionConfigurationPlatforms) = preSolution
		Debug|Any CPU = Debug|Any CPU
		Release|Any CPU = Release|Any CPU
	EndGlobalSection
	GlobalSection(ProjectConfigurationPlatforms) = postSolution
		{D52EED1C-EE08-4E92-B1CF-9E11BDA83213}.Debug|Any CPU.ActiveCfg = Debug|Any CPU
		{D52EED1C-EE08-4E92-B1CF-9E11BDA83213}.Debug|Any CPU.Build.0 = Debug|Any CPU
		{D52EED1C-EE08-4E92-B1CF-9E11BDA83213}.Release|Any CPU.ActiveCfg = Release|Any CPU
		{D52EED1C-EE08-4E92-B1CF-9E11BDA83213}.Release|Any CPU.Build.0 = Release|Any CPU
	EndGlobalSection
	GlobalSection(SolutionProperties) = preSolution
		HideSolutionNode = FALSE
	EndGlobalSection
	GlobalSection(ExtensibilityGlobals) = postSolution
		SolutionGuid = {A62F4FF7-3CAF-48F1-B84F-7E9CDB7072D7}
	EndGlobalSection
EndGlobal
